
Microsoft Visual Studio Solution File, Format Version 12.00
# Visual Studio Version 17
VisualStudioVersion = 17.7.34031.279
MinimumVisualStudioVersion = 10.0.40219.1
Project("{9A19103F-16F7-4668-BE54-9A1E7A4F7556}") = "Data", "Data\Data.csproj", "{C7934E70-8FAD-4C72-A315-2BCF44017439}"
EndProject
Project("{9A19103F-16F7-4668-BE54-9A1E7A4F7556}") = "Logic", "Logic\Logic.csproj", "{3FCC2E84-4B57-4ECC-A4A5-46CB17059932}"
EndProject
Project("{9A19103F-16F7-4668-BE54-9A1E7A4F7556}") = "Model", "Model\Model.csproj", "{CFEA2149-BA31-4594-818A-3A983F13F2A7}"
EndProject
Project("{9A19103F-16F7-4668-BE54-9A1E7A4F7556}") = "Tests", "Tests\Tests.csproj", "{C05C5941-493D-4604-AF67-D2343C2CE740}"
EndProject
Project("{9A19103F-16F7-4668-BE54-9A1E7A4F7556}") = "View", "View\View.csproj", "{258D47CC-EE1A-4F61-A44F-291B43A1F5AB}"
EndProject
Project("{9A19103F-16F7-4668-BE54-9A1E7A4F7556}") = "ViewModel", "ViewModel\ViewModel.csproj", "{1CDC0156-EAC7-4B22-B6C0-7C8AA8D536C0}"
EndProject
Global
	GlobalSection(SolutionConfigurationPlatforms) = preSolution
		Debug|Any CPU = Debug|Any CPU
		Debug|ARM = Debug|ARM
		Debug|ARM64 = Debug|ARM64
		Debug|x64 = Debug|x64
		Debug|x86 = Debug|x86
		Release|Any CPU = Release|Any CPU
		Release|ARM = Release|ARM
		Release|ARM64 = Release|ARM64
		Release|x64 = Release|x64
		Release|x86 = Release|x86
	EndGlobalSection
	GlobalSection(ProjectConfigurationPlatforms) = postSolution
		{C7934E70-8FAD-4C72-A315-2BCF44017439}.Debug|Any CPU.ActiveCfg = Debug|Any CPU
		{C7934E70-8FAD-4C72-A315-2BCF44017439}.Debug|Any CPU.Build.0 = Debug|Any CPU
		{C7934E70-8FAD-4C72-A315-2BCF44017439}.Debug|ARM.ActiveCfg = Debug|Any CPU
		{C7934E70-8FAD-4C72-A315-2BCF44017439}.Debug|ARM.Build.0 = Debug|Any CPU
		{C7934E70-8FAD-4C72-A315-2BCF44017439}.Debug|ARM64.ActiveCfg = Debug|Any CPU
		{C7934E70-8FAD-4C72-A315-2BCF44017439}.Debug|ARM64.Build.0 = Debug|Any CPU
		{C7934E70-8FAD-4C72-A315-2BCF44017439}.Debug|x64.ActiveCfg = Debug|Any CPU
		{C7934E70-8FAD-4C72-A315-2BCF44017439}.Debug|x64.Build.0 = Debug|Any CPU
		{C7934E70-8FAD-4C72-A315-2BCF44017439}.Debug|x86.ActiveCfg = Debug|Any CPU
		{C7934E70-8FAD-4C72-A315-2BCF44017439}.Debug|x86.Build.0 = Debug|Any CPU
		{C7934E70-8FAD-4C72-A315-2BCF44017439}.Release|Any CPU.ActiveCfg = Release|Any CPU
		{C7934E70-8FAD-4C72-A315-2BCF44017439}.Release|Any CPU.Build.0 = Release|Any CPU
		{C7934E70-8FAD-4C72-A315-2BCF44017439}.Release|ARM.ActiveCfg = Release|Any CPU
		{C7934E70-8FAD-4C72-A315-2BCF44017439}.Release|ARM.Build.0 = Release|Any CPU
		{C7934E70-8FAD-4C72-A315-2BCF44017439}.Release|ARM64.ActiveCfg = Release|Any CPU
		{C7934E70-8FAD-4C72-A315-2BCF44017439}.Release|ARM64.Build.0 = Release|Any CPU
		{C7934E70-8FAD-4C72-A315-2BCF44017439}.Release|x64.ActiveCfg = Release|Any CPU
		{C7934E70-8FAD-4C72-A315-2BCF44017439}.Release|x64.Build.0 = Release|Any CPU
		{C7934E70-8FAD-4C72-A315-2BCF44017439}.Release|x86.ActiveCfg = Release|Any CPU
		{C7934E70-8FAD-4C72-A315-2BCF44017439}.Release|x86.Build.0 = Release|Any CPU
		{3FCC2E84-4B57-4ECC-A4A5-46CB17059932}.Debug|Any CPU.ActiveCfg = Debug|Any CPU
		{3FCC2E84-4B57-4ECC-A4A5-46CB17059932}.Debug|Any CPU.Build.0 = Debug|Any CPU
		{3FCC2E84-4B57-4ECC-A4A5-46CB17059932}.Debug|ARM.ActiveCfg = Debug|Any CPU
		{3FCC2E84-4B57-4ECC-A4A5-46CB17059932}.Debug|ARM.Build.0 = Debug|Any CPU
		{3FCC2E84-4B57-4ECC-A4A5-46CB17059932}.Debug|ARM64.ActiveCfg = Debug|Any CPU
		{3FCC2E84-4B57-4ECC-A4A5-46CB17059932}.Debug|ARM64.Build.0 = Debug|Any CPU
		{3FCC2E84-4B57-4ECC-A4A5-46CB17059932}.Debug|x64.ActiveCfg = Debug|Any CPU
		{3FCC2E84-4B57-4ECC-A4A5-46CB17059932}.Debug|x64.Build.0 = Debug|Any CPU
		{3FCC2E84-4B57-4ECC-A4A5-46CB17059932}.Debug|x86.ActiveCfg = Debug|Any CPU
		{3FCC2E84-4B57-4ECC-A4A5-46CB17059932}.Debug|x86.Build.0 = Debug|Any CPU
		{3FCC2E84-4B57-4ECC-A4A5-46CB17059932}.Release|Any CPU.ActiveCfg = Release|Any CPU
		{3FCC2E84-4B57-4ECC-A4A5-46CB17059932}.Release|Any CPU.Build.0 = Release|Any CPU
		{3FCC2E84-4B57-4ECC-A4A5-46CB17059932}.Release|ARM.ActiveCfg = Release|Any CPU
		{3FCC2E84-4B57-4ECC-A4A5-46CB17059932}.Release|ARM.Build.0 = Release|Any CPU
		{3FCC2E84-4B57-4ECC-A4A5-46CB17059932}.Release|ARM64.ActiveCfg = Release|Any CPU
		{3FCC2E84-4B57-4ECC-A4A5-46CB17059932}.Release|ARM64.Build.0 = Release|Any CPU
		{3FCC2E84-4B57-4ECC-A4A5-46CB17059932}.Release|x64.ActiveCfg = Release|Any CPU
		{3FCC2E84-4B57-4ECC-A4A5-46CB17059932}.Release|x64.Build.0 = Release|Any CPU
		{3FCC2E84-4B57-4ECC-A4A5-46CB17059932}.Release|x86.ActiveCfg = Release|Any CPU
		{3FCC2E84-4B57-4ECC-A4A5-46CB17059932}.Release|x86.Build.0 = Release|Any CPU
		{CFEA2149-BA31-4594-818A-3A983F13F2A7}.Debug|Any CPU.ActiveCfg = Debug|Any CPU
		{CFEA2149-BA31-4594-818A-3A983F13F2A7}.Debug|Any CPU.Build.0 = Debug|Any CPU
		{CFEA2149-BA31-4594-818A-3A983F13F2A7}.Debug|ARM.ActiveCfg = Debug|Any CPU
		{CFEA2149-BA31-4594-818A-3A983F13F2A7}.Debug|ARM.Build.0 = Debug|Any CPU
		{CFEA2149-BA31-4594-818A-3A983F13F2A7}.Debug|ARM64.ActiveCfg = Debug|Any CPU
		{CFEA2149-BA31-4594-818A-3A983F13F2A7}.Debug|ARM64.Build.0 = Debug|Any CPU
		{CFEA2149-BA31-4594-818A-3A983F13F2A7}.Debug|x64.ActiveCfg = Debug|Any CPU
		{CFEA2149-BA31-4594-818A-3A983F13F2A7}.Debug|x64.Build.0 = Debug|Any CPU
		{CFEA2149-BA31-4594-818A-3A983F13F2A7}.Debug|x86.ActiveCfg = Debug|Any CPU
		{CFEA2149-BA31-4594-818A-3A983F13F2A7}.Debug|x86.Build.0 = Debug|Any CPU
		{CFEA2149-BA31-4594-818A-3A983F13F2A7}.Release|Any CPU.ActiveCfg = Release|Any CPU
		{CFEA2149-BA31-4594-818A-3A983F13F2A7}.Release|Any CPU.Build.0 = Release|Any CPU
		{CFEA2149-BA31-4594-818A-3A983F13F2A7}.Release|ARM.ActiveCfg = Release|Any CPU
		{CFEA2149-BA31-4594-818A-3A983F13F2A7}.Release|ARM.Build.0 = Release|Any CPU
		{CFEA2149-BA31-4594-818A-3A983F13F2A7}.Release|ARM64.ActiveCfg = Release|Any CPU
		{CFEA2149-BA31-4594-818A-3A983F13F2A7}.Release|ARM64.Build.0 = Release|Any CPU
		{CFEA2149-BA31-4594-818A-3A983F13F2A7}.Release|x64.ActiveCfg = Release|Any CPU
		{CFEA2149-BA31-4594-818A-3A983F13F2A7}.Release|x64.Build.0 = Release|Any CPU
		{CFEA2149-BA31-4594-818A-3A983F13F2A7}.Release|x86.ActiveCfg = Release|Any CPU
		{CFEA2149-BA31-4594-818A-3A983F13F2A7}.Release|x86.Build.0 = Release|Any CPU
		{C05C5941-493D-4604-AF67-D2343C2CE740}.Debug|Any CPU.ActiveCfg = Debug|Any CPU
		{C05C5941-493D-4604-AF67-D2343C2CE740}.Debug|Any CPU.Build.0 = Debug|Any CPU
		{C05C5941-493D-4604-AF67-D2343C2CE740}.Debug|ARM.ActiveCfg = Debug|Any CPU
		{C05C5941-493D-4604-AF67-D2343C2CE740}.Debug|ARM.Build.0 = Debug|Any CPU
		{C05C5941-493D-4604-AF67-D2343C2CE740}.Debug|ARM64.ActiveCfg = Debug|Any CPU
		{C05C5941-493D-4604-AF67-D2343C2CE740}.Debug|ARM64.Build.0 = Debug|Any CPU
		{C05C5941-493D-4604-AF67-D2343C2CE740}.Debug|x64.ActiveCfg = Debug|Any CPU
		{C05C5941-493D-4604-AF67-D2343C2CE740}.Debug|x64.Build.0 = Debug|Any CPU
		{C05C5941-493D-4604-AF67-D2343C2CE740}.Debug|x86.ActiveCfg = Debug|Any CPU
		{C05C5941-493D-4604-AF67-D2343C2CE740}.Debug|x86.Build.0 = Debug|Any CPU
		{C05C5941-493D-4604-AF67-D2343C2CE740}.Release|Any CPU.ActiveCfg = Release|Any CPU
		{C05C5941-493D-4604-AF67-D2343C2CE740}.Release|Any CPU.Build.0 = Release|Any CPU
		{C05C5941-493D-4604-AF67-D2343C2CE740}.Release|ARM.ActiveCfg = Release|Any CPU
		{C05C5941-493D-4604-AF67-D2343C2CE740}.Release|ARM.Build.0 = Release|Any CPU
		{C05C5941-493D-4604-AF67-D2343C2CE740}.Release|ARM64.ActiveCfg = Release|Any CPU
		{C05C5941-493D-4604-AF67-D2343C2CE740}.Release|ARM64.Build.0 = Release|Any CPU
		{C05C5941-493D-4604-AF67-D2343C2CE740}.Release|x64.ActiveCfg = Release|Any CPU
		{C05C5941-493D-4604-AF67-D2343C2CE740}.Release|x64.Build.0 = Release|Any CPU
		{C05C5941-493D-4604-AF67-D2343C2CE740}.Release|x86.ActiveCfg = Release|Any CPU
		{C05C5941-493D-4604-AF67-D2343C2CE740}.Release|x86.Build.0 = Release|Any CPU
		{258D47CC-EE1A-4F61-A44F-291B43A1F5AB}.Debug|Any CPU.ActiveCfg = Debug|Any CPU
		{258D47CC-EE1A-4F61-A44F-291B43A1F5AB}.Debug|Any CPU.Build.0 = Debug|Any CPU
		{258D47CC-EE1A-4F61-A44F-291B43A1F5AB}.Debug|ARM.ActiveCfg = Debug|Any CPU
		{258D47CC-EE1A-4F61-A44F-291B43A1F5AB}.Debug|ARM.Build.0 = Debug|Any CPU
		{258D47CC-EE1A-4F61-A44F-291B43A1F5AB}.Debug|ARM64.ActiveCfg = Debug|Any CPU
		{258D47CC-EE1A-4F61-A44F-291B43A1F5AB}.Debug|ARM64.Build.0 = Debug|Any CPU
		{258D47CC-EE1A-4F61-A44F-291B43A1F5AB}.Debug|x64.ActiveCfg = Debug|Any CPU
		{258D47CC-EE1A-4F61-A44F-291B43A1F5AB}.Debug|x64.Build.0 = Debug|Any CPU
		{258D47CC-EE1A-4F61-A44F-291B43A1F5AB}.Debug|x86.ActiveCfg = Debug|Any CPU
		{258D47CC-EE1A-4F61-A44F-291B43A1F5AB}.Debug|x86.Build.0 = Debug|Any CPU
		{258D47CC-EE1A-4F61-A44F-291B43A1F5AB}.Release|Any CPU.ActiveCfg = Release|Any CPU
		{258D47CC-EE1A-4F61-A44F-291B43A1F5AB}.Release|Any CPU.Build.0 = Release|Any CPU
		{258D47CC-EE1A-4F61-A44F-291B43A1F5AB}.Release|ARM.ActiveCfg = Release|Any CPU
		{258D47CC-EE1A-4F61-A44F-291B43A1F5AB}.Release|ARM.Build.0 = Release|Any CPU
		{258D47CC-EE1A-4F61-A44F-291B43A1F5AB}.Release|ARM64.ActiveCfg = Release|Any CPU
		{258D47CC-EE1A-4F61-A44F-291B43A1F5AB}.Release|ARM64.Build.0 = Release|Any CPU
		{258D47CC-EE1A-4F61-A44F-291B43A1F5AB}.Release|x64.ActiveCfg = Release|Any CPU
		{258D47CC-EE1A-4F61-A44F-291B43A1F5AB}.Release|x64.Build.0 = Release|Any CPU
		{258D47CC-EE1A-4F61-A44F-291B43A1F5AB}.Release|x86.ActiveCfg = Release|Any CPU
		{258D47CC-EE1A-4F61-A44F-291B43A1F5AB}.Release|x86.Build.0 = Release|Any CPU
		{1CDC0156-EAC7-4B22-B6C0-7C8AA8D536C0}.Debug|Any CPU.ActiveCfg = Debug|Any CPU
		{1CDC0156-EAC7-4B22-B6C0-7C8AA8D536C0}.Debug|Any CPU.Build.0 = Debug|Any CPU
		{1CDC0156-EAC7-4B22-B6C0-7C8AA8D536C0}.Debug|ARM.ActiveCfg = Debug|Any CPU
		{1CDC0156-EAC7-4B22-B6C0-7C8AA8D536C0}.Debug|ARM.Build.0 = Debug|Any CPU
		{1CDC0156-EAC7-4B22-B6C0-7C8AA8D536C0}.Debug|ARM64.ActiveCfg = Debug|Any CPU
		{1CDC0156-EAC7-4B22-B6C0-7C8AA8D536C0}.Debug|ARM64.Build.0 = Debug|Any CPU
		{1CDC0156-EAC7-4B22-B6C0-7C8AA8D536C0}.Debug|x64.ActiveCfg = Debug|Any CPU
		{1CDC0156-EAC7-4B22-B6C0-7C8AA8D536C0}.Debug|x64.Build.0 = Debug|Any CPU
		{1CDC0156-EAC7-4B22-B6C0-7C8AA8D536C0}.Debug|x86.ActiveCfg = Debug|Any CPU
		{1CDC0156-EAC7-4B22-B6C0-7C8AA8D536C0}.Debug|x86.Build.0 = Debug|Any CPU
		{1CDC0156-EAC7-4B22-B6C0-7C8AA8D536C0}.Release|Any CPU.ActiveCfg = Release|Any CPU
		{1CDC0156-EAC7-4B22-B6C0-7C8AA8D536C0}.Release|Any CPU.Build.0 = Release|Any CPU
		{1CDC0156-EAC7-4B22-B6C0-7C8AA8D536C0}.Release|ARM.ActiveCfg = Release|Any CPU
		{1CDC0156-EAC7-4B22-B6C0-7C8AA8D536C0}.Release|ARM.Build.0 = Release|Any CPU
		{1CDC0156-EAC7-4B22-B6C0-7C8AA8D536C0}.Release|ARM64.ActiveCfg = Release|Any CPU
		{1CDC0156-EAC7-4B22-B6C0-7C8AA8D536C0}.Release|ARM64.Build.0 = Release|Any CPU
		{1CDC0156-EAC7-4B22-B6C0-7C8AA8D536C0}.Release|x64.ActiveCfg = Release|Any CPU
		{1CDC0156-EAC7-4B22-B6C0-7C8AA8D536C0}.Release|x64.Build.0 = Release|Any CPU
		{1CDC0156-EAC7-4B22-B6C0-7C8AA8D536C0}.Release|x86.ActiveCfg = Release|Any CPU
		{1CDC0156-EAC7-4B22-B6C0-7C8AA8D536C0}.Release|x86.Build.0 = Release|Any CPU
	EndGlobalSection
	GlobalSection(SolutionProperties) = preSolution
		HideSolutionNode = FALSE
	EndGlobalSection
	GlobalSection(ExtensibilityGlobals) = postSolution
		SolutionGuid = {A76AB7EF-535A-4E37-B47A-AFA9A9C8DD09}
	EndGlobalSection
EndGlobal
