
Microsoft Visual Studio Solution File, Format Version 12.00
# Visual Studio Version 17
VisualStudioVersion = 17.7.34031.279
MinimumVisualStudioVersion = 10.0.40219.1
Project("{FAE04EC0-301F-11D3-BF4B-00C04F79EFBC}") = "Etap0", "Etap0\Etap0.csproj", "{5267DF25-0B4E-4C3A-A318-78AE1653D5DD}"
EndProject
Project("{FAE04EC0-301F-11D3-BF4B-00C04F79EFBC}") = "MathTests", "MathTests\MathTests.csproj", "{60E5C373-2A83-428E-B495-0F9538320129}"
EndProject
Global
	GlobalSection(SolutionConfigurationPlatforms) = preSolution
		Debug|Any CPU = Debug|Any CPU
		Release|Any CPU = Release|Any CPU
	EndGlobalSection
	GlobalSection(ProjectConfigurationPlatforms) = postSolution
		{5267DF25-0B4E-4C3A-A318-78AE1653D5DD}.Debug|Any CPU.ActiveCfg = Debug|Any CPU
		{5267DF25-0B4E-4C3A-A318-78AE1653D5DD}.Debug|Any CPU.Build.0 = Debug|Any CPU
		{5267DF25-0B4E-4C3A-A318-78AE1653D5DD}.Release|Any CPU.ActiveCfg = Release|Any CPU
		{5267DF25-0B4E-4C3A-A318-78AE1653D5DD}.Release|Any CPU.Build.0 = Release|Any CPU
		{60E5C373-2A83-428E-B495-0F9538320129}.Debug|Any CPU.ActiveCfg = Debug|Any CPU
		{60E5C373-2A83-428E-B495-0F9538320129}.Debug|Any CPU.Build.0 = Debug|Any CPU
		{60E5C373-2A83-428E-B495-0F9538320129}.Release|Any CPU.ActiveCfg = Release|Any CPU
		{60E5C373-2A83-428E-B495-0F9538320129}.Release|Any CPU.Build.0 = Release|Any CPU
	EndGlobalSection
	GlobalSection(SolutionProperties) = preSolution
		HideSolutionNode = FALSE
	EndGlobalSection
	GlobalSection(ExtensibilityGlobals) = postSolution
		SolutionGuid = {A76AB7EF-535A-4E37-B47A-AFA9A9C8DD09}
	EndGlobalSection
EndGlobal
